// !$*UTF8*$!
{
	archiveVersion = 1;
	classes = {
	};
	objectVersion = 46;
	objects = {

/* Begin PBXBuildFile section */
		34CC86CB1A4B01B400EA3A16 /* AppDelegate.swift in Sources */ = {isa = PBXBuildFile; fileRef = 34CC86CA1A4B01B400EA3A16 /* AppDelegate.swift */; };
		34CC86CD1A4B01B400EA3A16 /* ViewController.swift in Sources */ = {isa = PBXBuildFile; fileRef = 34CC86CC1A4B01B400EA3A16 /* ViewController.swift */; };
		34CC86D01A4B01B400EA3A16 /* Main.storyboard in Resources */ = {isa = PBXBuildFile; fileRef = 34CC86CE1A4B01B400EA3A16 /* Main.storyboard */; };
		34CC86D21A4B01B400EA3A16 /* Images.xcassets in Resources */ = {isa = PBXBuildFile; fileRef = 34CC86D11A4B01B400EA3A16 /* Images.xcassets */; };
		34CC86D51A4B01B400EA3A16 /* LaunchScreen.xib in Resources */ = {isa = PBXBuildFile; fileRef = 34CC86D31A4B01B400EA3A16 /* LaunchScreen.xib */; };
		34CC86E11A4B01B400EA3A16 /* Swift_XMLTests.swift in Sources */ = {isa = PBXBuildFile; fileRef = 34CC86E01A4B01B400EA3A16 /* Swift_XMLTests.swift */; };
		34CC86EE1A4B01FD00EA3A16 /* Book.swift in Sources */ = {isa = PBXBuildFile; fileRef = 34CC86ED1A4B01FD00EA3A16 /* Book.swift */; };
		34CC86F21A4D8B8200EA3A16 /* MyXMLParser.swift in Sources */ = {isa = PBXBuildFile; fileRef = 34CC86F11A4D8B8200EA3A16 /* MyXMLParser.swift */; };
		34CC87581A4EF97800EA3A16 /* MyXMLBuilder.swift in Sources */ = {isa = PBXBuildFile; fileRef = 34CC87571A4EF97800EA3A16 /* MyXMLBuilder.swift */; };
		34CC875A1A4F007700EA3A16 /* DocTags.swift in Sources */ = {isa = PBXBuildFile; fileRef = 34CC87591A4F007700EA3A16 /* DocTags.swift */; };
/* End PBXBuildFile section */

/* Begin PBXContainerItemProxy section */
		34CC86DB1A4B01B400EA3A16 /* PBXContainerItemProxy */ = {
			isa = PBXContainerItemProxy;
			containerPortal = 34CC86BD1A4B01B400EA3A16 /* Project object */;
			proxyType = 1;
			remoteGlobalIDString = 34CC86C41A4B01B400EA3A16;
			remoteInfo = Swift_XML;
		};
/* End PBXContainerItemProxy section */

/* Begin PBXFileReference section */
		34CC86C51A4B01B400EA3A16 /* Swift_XML.app */ = {isa = PBXFileReference; explicitFileType = wrapper.application; includeInIndex = 0; path = Swift_XML.app; sourceTree = BUILT_PRODUCTS_DIR; };
		34CC86C91A4B01B400EA3A16 /* Info.plist */ = {isa = PBXFileReference; lastKnownFileType = text.plist.xml; path = Info.plist; sourceTree = "<group>"; };
		34CC86CA1A4B01B400EA3A16 /* AppDelegate.swift */ = {isa = PBXFileReference; lastKnownFileType = sourcecode.swift; path = AppDelegate.swift; sourceTree = "<group>"; };
		34CC86CC1A4B01B400EA3A16 /* ViewController.swift */ = {isa = PBXFileReference; lastKnownFileType = sourcecode.swift; path = ViewController.swift; sourceTree = "<group>"; };
		34CC86CF1A4B01B400EA3A16 /* Base */ = {isa = PBXFileReference; lastKnownFileType = file.storyboard; name = Base; path = Base.lproj/Main.storyboard; sourceTree = "<group>"; };
		34CC86D11A4B01B400EA3A16 /* Images.xcassets */ = {isa = PBXFileReference; lastKnownFileType = folder.assetcatalog; path = Images.xcassets; sourceTree = "<group>"; };
		34CC86D41A4B01B400EA3A16 /* Base */ = {isa = PBXFileReference; lastKnownFileType = file.xib; name = Base; path = Base.lproj/LaunchScreen.xib; sourceTree = "<group>"; };
		34CC86DA1A4B01B400EA3A16 /* Swift_XMLTests.xctest */ = {isa = PBXFileReference; explicitFileType = wrapper.cfbundle; includeInIndex = 0; path = Swift_XMLTests.xctest; sourceTree = BUILT_PRODUCTS_DIR; };
		34CC86DF1A4B01B400EA3A16 /* Info.plist */ = {isa = PBXFileReference; lastKnownFileType = text.plist.xml; path = Info.plist; sourceTree = "<group>"; };
		34CC86E01A4B01B400EA3A16 /* Swift_XMLTests.swift */ = {isa = PBXFileReference; lastKnownFileType = sourcecode.swift; path = Swift_XMLTests.swift; sourceTree = "<group>"; };
		34CC86ED1A4B01FD00EA3A16 /* Book.swift */ = {isa = PBXFileReference; fileEncoding = 4; lastKnownFileType = sourcecode.swift; path = Book.swift; sourceTree = "<group>"; };
		34CC86F11A4D8B8200EA3A16 /* MyXMLParser.swift */ = {isa = PBXFileReference; fileEncoding = 4; lastKnownFileType = sourcecode.swift; path = MyXMLParser.swift; sourceTree = "<group>"; };
		34CC87571A4EF97800EA3A16 /* MyXMLBuilder.swift */ = {isa = PBXFileReference; fileEncoding = 4; lastKnownFileType = sourcecode.swift; path = MyXMLBuilder.swift; sourceTree = "<group>"; };
		34CC87591A4F007700EA3A16 /* DocTags.swift */ = {isa = PBXFileReference; fileEncoding = 4; lastKnownFileType = sourcecode.swift; path = DocTags.swift; sourceTree = "<group>"; };
/* End PBXFileReference section */

/* Begin PBXFrameworksBuildPhase section */
		34CC86C21A4B01B400EA3A16 /* Frameworks */ = {
			isa = PBXFrameworksBuildPhase;
			buildActionMask = 2147483647;
			files = (
			);
			runOnlyForDeploymentPostprocessing = 0;
		};
		34CC86D71A4B01B400EA3A16 /* Frameworks */ = {
			isa = PBXFrameworksBuildPhase;
			buildActionMask = 2147483647;
			files = (
			);
			runOnlyForDeploymentPostprocessing = 0;
		};
/* End PBXFrameworksBuildPhase section */

/* Begin PBXGroup section */
		34CC86BC1A4B01B400EA3A16 = {
			isa = PBXGroup;
			children = (
				34CC86C71A4B01B400EA3A16 /* Swift_XML */,
				34CC86DD1A4B01B400EA3A16 /* Swift_XMLTests */,
				34CC86C61A4B01B400EA3A16 /* Products */,
			);
			sourceTree = "<group>";
		};
		34CC86C61A4B01B400EA3A16 /* Products */ = {
			isa = PBXGroup;
			children = (
				34CC86C51A4B01B400EA3A16 /* Swift_XML.app */,
				34CC86DA1A4B01B400EA3A16 /* Swift_XMLTests.xctest */,
			);
			name = Products;
			sourceTree = "<group>";
		};
		34CC86C71A4B01B400EA3A16 /* Swift_XML */ = {
			isa = PBXGroup;
			children = (
				34CC86EA1A4B01C200EA3A16 /* XML_Parser */,
				34CC86CA1A4B01B400EA3A16 /* AppDelegate.swift */,
				34CC86CC1A4B01B400EA3A16 /* ViewController.swift */,
				34CC86CE1A4B01B400EA3A16 /* Main.storyboard */,
				34CC86D11A4B01B400EA3A16 /* Images.xcassets */,
				34CC86D31A4B01B400EA3A16 /* LaunchScreen.xib */,
				34CC86C81A4B01B400EA3A16 /* Supporting Files */,
			);
			path = Swift_XML;
			sourceTree = "<group>";
		};
		34CC86C81A4B01B400EA3A16 /* Supporting Files */ = {
			isa = PBXGroup;
			children = (
				34CC86C91A4B01B400EA3A16 /* Info.plist */,
			);
			name = "Supporting Files";
			sourceTree = "<group>";
		};
		34CC86DD1A4B01B400EA3A16 /* Swift_XMLTests */ = {
			isa = PBXGroup;
			children = (
				34CC86E01A4B01B400EA3A16 /* Swift_XMLTests.swift */,
				34CC86DE1A4B01B400EA3A16 /* Supporting Files */,
			);
			path = Swift_XMLTests;
			sourceTree = "<group>";
		};
		34CC86DE1A4B01B400EA3A16 /* Supporting Files */ = {
			isa = PBXGroup;
			children = (
				34CC86DF1A4B01B400EA3A16 /* Info.plist */,
			);
			name = "Supporting Files";
			sourceTree = "<group>";
		};
		34CC86EA1A4B01C200EA3A16 /* XML_Parser */ = {
			isa = PBXGroup;
			children = (
				34CC86ED1A4B01FD00EA3A16 /* Book.swift */,
				34CC86F11A4D8B8200EA3A16 /* MyXMLParser.swift */,
				34CC87571A4EF97800EA3A16 /* MyXMLBuilder.swift */,
				34CC87591A4F007700EA3A16 /* DocTags.swift */,
			);
			name = XML_Parser;
			sourceTree = "<group>";
		};
/* End PBXGroup section */

/* Begin PBXNativeTarget section */
		34CC86C41A4B01B400EA3A16 /* Swift_XML */ = {
			isa = PBXNativeTarget;
			buildConfigurationList = 34CC86E41A4B01B400EA3A16 /* Build configuration list for PBXNativeTarget "Swift_XML" */;
			buildPhases = (
				34CC86C11A4B01B400EA3A16 /* Sources */,
				34CC86C21A4B01B400EA3A16 /* Frameworks */,
				34CC86C31A4B01B400EA3A16 /* Resources */,
			);
			buildRules = (
			);
			dependencies = (
			);
			name = Swift_XML;
			productName = Swift_XML;
			productReference = 34CC86C51A4B01B400EA3A16 /* Swift_XML.app */;
			productType = "com.apple.product-type.application";
		};
		34CC86D91A4B01B400EA3A16 /* Swift_XMLTests */ = {
			isa = PBXNativeTarget;
			buildConfigurationList = 34CC86E71A4B01B400EA3A16 /* Build configuration list for PBXNativeTarget "Swift_XMLTests" */;
			buildPhases = (
				34CC86D61A4B01B400EA3A16 /* Sources */,
				34CC86D71A4B01B400EA3A16 /* Frameworks */,
				34CC86D81A4B01B400EA3A16 /* Resources */,
			);
			buildRules = (
			);
			dependencies = (
				34CC86DC1A4B01B400EA3A16 /* PBXTargetDependency */,
			);
			name = Swift_XMLTests;
			productName = Swift_XMLTests;
			productReference = 34CC86DA1A4B01B400EA3A16 /* Swift_XMLTests.xctest */;
			productType = "com.apple.product-type.bundle.unit-test";
		};
/* End PBXNativeTarget section */

/* Begin PBXProject section */
		34CC86BD1A4B01B400EA3A16 /* Project object */ = {
			isa = PBXProject;
			attributes = {
				LastSwiftMigration = 0700;
				LastSwiftUpdateCheck = 0700;
				LastUpgradeCheck = 0700;
				ORGANIZATIONNAME = "Jon Hoffman";
				TargetAttributes = {
					34CC86C41A4B01B400EA3A16 = {
						CreatedOnToolsVersion = 6.1.1;
					};
					34CC86D91A4B01B400EA3A16 = {
						CreatedOnToolsVersion = 6.1.1;
						TestTargetID = 34CC86C41A4B01B400EA3A16;
					};
				};
			};
			buildConfigurationList = 34CC86C01A4B01B400EA3A16 /* Build configuration list for PBXProject "Swift_XML" */;
			compatibilityVersion = "Xcode 3.2";
			developmentRegion = English;
			hasScannedForEncodings = 0;
			knownRegions = (
				en,
				Base,
			);
			mainGroup = 34CC86BC1A4B01B400EA3A16;
			productRefGroup = 34CC86C61A4B01B400EA3A16 /* Products */;
			projectDirPath = "";
			projectRoot = "";
			targets = (
				34CC86C41A4B01B400EA3A16 /* Swift_XML */,
				34CC86D91A4B01B400EA3A16 /* Swift_XMLTests */,
			);
		};
/* End PBXProject section */

/* Begin PBXResourcesBuildPhase section */
		34CC86C31A4B01B400EA3A16 /* Resources */ = {
			isa = PBXResourcesBuildPhase;
			buildActionMask = 2147483647;
			files = (
				34CC86D01A4B01B400EA3A16 /* Main.storyboard in Resources */,
				34CC86D51A4B01B400EA3A16 /* LaunchScreen.xib in Resources */,
				34CC86D21A4B01B400EA3A16 /* Images.xcassets in Resources */,
			);
			runOnlyForDeploymentPostprocessing = 0;
		};
		34CC86D81A4B01B400EA3A16 /* Resources */ = {
			isa = PBXResourcesBuildPhase;
			buildActionMask = 2147483647;
			files = (
			);
			runOnlyForDeploymentPostprocessing = 0;
		};
/* End PBXResourcesBuildPhase section */

/* Begin PBXSourcesBuildPhase section */
		34CC86C11A4B01B400EA3A16 /* Sources */ = {
			isa = PBXSourcesBuildPhase;
			buildActionMask = 2147483647;
			files = (
				34CC86EE1A4B01FD00EA3A16 /* Book.swift in Sources */,
				34CC875A1A4F007700EA3A16 /* DocTags.swift in Sources */,
				34CC87581A4EF97800EA3A16 /* MyXMLBuilder.swift in Sources */,
				34CC86F21A4D8B8200EA3A16 /* MyXMLParser.swift in Sources */,
				34CC86CD1A4B01B400EA3A16 /* ViewController.swift in Sources */,
				34CC86CB1A4B01B400EA3A16 /* AppDelegate.swift in Sources */,
			);
			runOnlyForDeploymentPostprocessing = 0;
		};
		34CC86D61A4B01B400EA3A16 /* Sources */ = {
			isa = PBXSourcesBuildPhase;
			buildActionMask = 2147483647;
			files = (
				34CC86E11A4B01B400EA3A16 /* Swift_XMLTests.swift in Sources */,
			);
			runOnlyForDeploymentPostprocessing = 0;
		};
/* End PBXSourcesBuildPhase section */

/* Begin PBXTargetDependency section */
		34CC86DC1A4B01B400EA3A16 /* PBXTargetDependency */ = {
			isa = PBXTargetDependency;
			target = 34CC86C41A4B01B400EA3A16 /* Swift_XML */;
			targetProxy = 34CC86DB1A4B01B400EA3A16 /* PBXContainerItemProxy */;
		};
/* End PBXTargetDependency section */

/* Begin PBXVariantGroup section */
		34CC86CE1A4B01B400EA3A16 /* Main.storyboard */ = {
			isa = PBXVariantGroup;
			children = (
				34CC86CF1A4B01B400EA3A16 /* Base */,
			);
			name = Main.storyboard;
			sourceTree = "<group>";
		};
		34CC86D31A4B01B400EA3A16 /* LaunchScreen.xib */ = {
			isa = PBXVariantGroup;
			children = (
				34CC86D41A4B01B400EA3A16 /* Base */,
			);
			name = LaunchScreen.xib;
			sourceTree = "<group>";
		};
/* End PBXVariantGroup section */

/* Begin XCBuildConfiguration section */
		34CC86E21A4B01B400EA3A16 /* Debug */ = {
			isa = XCBuildConfiguration;
			buildSettings = {
				ALWAYS_SEARCH_USER_PATHS = NO;
				CLANG_CXX_LANGUAGE_STANDARD = "gnu++0x";
				CLANG_CXX_LIBRARY = "libc++";
				CLANG_ENABLE_MODULES = YES;
				CLANG_ENABLE_OBJC_ARC = YES;
				CLANG_WARN_BOOL_CONVERSION = YES;
				CLANG_WARN_CONSTANT_CONVERSION = YES;
				CLANG_WARN_DIRECT_OBJC_ISA_USAGE = YES_ERROR;
				CLANG_WARN_EMPTY_BODY = YES;
				CLANG_WARN_ENUM_CONVERSION = YES;
				CLANG_WARN_INT_CONVERSION = YES;
				CLANG_WARN_OBJC_ROOT_CLASS = YES_ERROR;
				CLANG_WARN_UNREACHABLE_CODE = YES;
				CLANG_WARN__DUPLICATE_METHOD_MATCH = YES;
				"CODE_SIGN_IDENTITY[sdk=iphoneos*]" = "iPhone Developer";
				COPY_PHASE_STRIP = NO;
				ENABLE_STRICT_OBJC_MSGSEND = YES;
				ENABLE_TESTABILITY = YES;
				GCC_C_LANGUAGE_STANDARD = gnu99;
				GCC_DYNAMIC_NO_PIC = NO;
				GCC_OPTIMIZATION_LEVEL = 0;
				GCC_PREPROCESSOR_DEFINITIONS = (
					"DEBUG=1",
					"$(inherited)",
				);
				GCC_SYMBOLS_PRIVATE_EXTERN = NO;
				GCC_WARN_64_TO_32_BIT_CONVERSION = YES;
				GCC_WARN_ABOUT_RETURN_TYPE = YES_ERROR;
				GCC_WARN_UNDECLARED_SELECTOR = YES;
				GCC_WARN_UNINITIALIZED_AUTOS = YES_AGGRESSIVE;
				GCC_WARN_UNUSED_FUNCTION = YES;
				GCC_WARN_UNUSED_VARIABLE = YES;
				IPHONEOS_DEPLOYMENT_TARGET = 8.1;
				MTL_ENABLE_DEBUG_INFO = YES;
				ONLY_ACTIVE_ARCH = YES;
				SDKROOT = iphoneos;
				SWIFT_OPTIMIZATION_LEVEL = "-Onone";
				TARGETED_DEVICE_FAMILY = "1,2";
			};
			name = Debug;
		};
		34CC86E31A4B01B400EA3A16 /* Release */ = {
			isa = XCBuildConfiguration;
			buildSettings = {
				ALWAYS_SEARCH_USER_PATHS = NO;
				CLANG_CXX_LANGUAGE_STANDARD = "gnu++0x";
				CLANG_CXX_LIBRARY = "libc++";
				CLANG_ENABLE_MODULES = YES;
				CLANG_ENABLE_OBJC_ARC = YES;
				CLANG_WARN_BOOL_CONVERSION = YES;
				CLANG_WARN_CONSTANT_CONVERSION = YES;
				CLANG_WARN_DIRECT_OBJC_ISA_USAGE = YES_ERROR;
				CLANG_WARN_EMPTY_BODY = YES;
				CLANG_WARN_ENUM_CONVERSION = YES;
				CLANG_WARN_INT_CONVERSION = YES;
				CLANG_WARN_OBJC_ROOT_CLASS = YES_ERROR;
				CLANG_WARN_UNREACHABLE_CODE = YES;
				CLANG_WARN__DUPLICATE_METHOD_MATCH = YES;
				"CODE_SIGN_IDENTITY[sdk=iphoneos*]" = "iPhone Developer";
				COPY_PHASE_STRIP = YES;
				ENABLE_NS_ASSERTIONS = NO;
				ENABLE_STRICT_OBJC_MSGSEND = YES;
				GCC_C_LANGUAGE_STANDARD = gnu99;
				GCC_WARN_64_TO_32_BIT_CONVERSION = YES;
				GCC_WARN_ABOUT_RETURN_TYPE = YES_ERROR;
				GCC_WARN_UNDECLARED_SELECTOR = YES;
				GCC_WARN_UNINITIALIZED_AUTOS = YES_AGGRESSIVE;
				GCC_WARN_UNUSED_FUNCTION = YES;
				GCC_WARN_UNUSED_VARIABLE = YES;
				IPHONEOS_DEPLOYMENT_TARGET = 8.1;
				MTL_ENABLE_DEBUG_INFO = NO;
				SDKROOT = iphoneos;
				TARGETED_DEVICE_FAMILY = "1,2";
				VALIDATE_PRODUCT = YES;
			};
			name = Release;
		};
		34CC86E51A4B01B400EA3A16 /* Debug */ = {
			isa = XCBuildConfiguration;
			buildSettings = {
				ASSETCATALOG_COMPILER_APPICON_NAME = AppIcon;
				INFOPLIST_FILE = Swift_XML/Info.plist;
				LD_RUNPATH_SEARCH_PATHS = "$(inherited) @executable_path/Frameworks";
				PRODUCT_BUNDLE_IDENTIFIER = "hoffman.jon.$(PRODUCT_NAME:rfc1034identifier)";
				PRODUCT_NAME = "$(TARGET_NAME)";
			};
			name = Debug;
		};
		34CC86E61A4B01B400EA3A16 /* Release */ = {
			isa = XCBuildConfiguration;
			buildSettings = {
				ASSETCATALOG_COMPILER_APPICON_NAME = AppIcon;
				INFOPLIST_FILE = Swift_XML/Info.plist;
				LD_RUNPATH_SEARCH_PATHS = "$(inherited) @executable_path/Frameworks";
				PRODUCT_BUNDLE_IDENTIFIER = "hoffman.jon.$(PRODUCT_NAME:rfc1034identifier)";
				PRODUCT_NAME = "$(TARGET_NAME)";
			};
			name = Release;
		};
		34CC86E81A4B01B400EA3A16 /* Debug */ = {
			isa = XCBuildConfiguration;
			buildSettings = {
				BUNDLE_LOADER = "$(TEST_HOST)";
				FRAMEWORK_SEARCH_PATHS = (
					"$(SDKROOT)/Developer/Library/Frameworks",
					"$(inherited)",
				);
				GCC_PREPROCESSOR_DEFINITIONS = (
					"DEBUG=1",
					"$(inherited)",
				);
				INFOPLIST_FILE = Swift_XMLTests/Info.plist;
				LD_RUNPATH_SEARCH_PATHS = "$(inherited) @executable_path/Frameworks @loader_path/Frameworks";
				PRODUCT_BUNDLE_IDENTIFIER = "hoffman.jon.$(PRODUCT_NAME:rfc1034identifier)";
				PRODUCT_NAME = "$(TARGET_NAME)";
				TEST_HOST = "$(BUILT_PRODUCTS_DIR)/Swift_XML.app/Swift_XML";
			};
			name = Debug;
		};
		34CC86E91A4B01B400EA3A16 /* Release */ = {
			isa = XCBuildConfiguration;
			buildSettings = {
				BUNDLE_LOADER = "$(TEST_HOST)";
				FRAMEWORK_SEARCH_PATHS = (
					"$(SDKROOT)/Developer/Library/Frameworks",
					"$(inherited)",
				);
				INFOPLIST_FILE = Swift_XMLTests/Info.plist;
				LD_RUNPATH_SEARCH_PATHS = "$(inherited) @executable_path/Frameworks @loader_path/Frameworks";
				PRODUCT_BUNDLE_IDENTIFIER = "hoffman.jon.$(PRODUCT_NAME:rfc1034identifier)";
				PRODUCT_NAME = "$(TARGET_NAME)";
				TEST_HOST = "$(BUILT_PRODUCTS_DIR)/Swift_XML.app/Swift_XML";
			};
			name = Release;
		};
/* End XCBuildConfiguration section */

/* Begin XCConfigurationList section */
		34CC86C01A4B01B400EA3A16 /* Build configuration list for PBXProject "Swift_XML" */ = {
			isa = XCConfigurationList;
			buildConfigurations = (
				34CC86E21A4B01B400EA3A16 /* Debug */,
				34CC86E31A4B01B400EA3A16 /* Release */,
			);
			defaultConfigurationIsVisible = 0;
			defaultConfigurationName = Release;
		};
		34CC86E41A4B01B400EA3A16 /* Build configuration list for PBXNativeTarget "Swift_XML" */ = {
			isa = XCConfigurationList;
			buildConfigurations = (
				34CC86E51A4B01B400EA3A16 /* Debug */,
				34CC86E61A4B01B400EA3A16 /* Release */,
			);
			defaultConfigurationIsVisible = 0;
			defaultConfigurationName = Release;
		};
		34CC86E71A4B01B400EA3A16 /* Build configuration list for PBXNativeTarget "Swift_XMLTests" */ = {
			isa = XCConfigurationList;
			buildConfigurations = (
				34CC86E81A4B01B400EA3A16 /* Debug */,
				34CC86E91A4B01B400EA3A16 /* Release */,
			);
			defaultConfigurationIsVisible = 0;
			defaultConfigurationName = Release;
		};
/* End XCConfigurationList section */
	};
	rootObject = 34CC86BD1A4B01B400EA3A16 /* Project object */;
}
