// !$*UTF8*$!
{
	archiveVersion = 1;
	classes = {
	};
	objectVersion = 46;
	objects = {

/* Begin PBXBuildFile section */
		49709ACD19DEFEEC002335FF /* main.swift in Sources */ = {isa = PBXBuildFile; fileRef = 49709ACC19DEFEEC002335FF /* main.swift */; };
		49C333FF1AD31C8C0037B768 /* Test.m in Sources */ = {isa = PBXBuildFile; fileRef = 49C333FE1AD31C8C0037B768 /* Test.m */; };
		49F3A17619FDB02500D6B083 /* Invitee.swift in Sources */ = {isa = PBXBuildFile; fileRef = 49F3A17519FDB02500D6B083 /* Invitee.swift */; };
		49F3A17B19FEF8E800D6B083 /* InviteList.swift in Sources */ = {isa = PBXBuildFile; fileRef = 49F3A17A19FEF8E800D6B083 /* InviteList.swift */; };
		49F3A17D19FEF96F00D6B083 /* ShowGenre.swift in Sources */ = {isa = PBXBuildFile; fileRef = 49F3A17C19FEF96F00D6B083 /* ShowGenre.swift */; };
/* End PBXBuildFile section */

/* Begin PBXCopyFilesBuildPhase section */
		49709AC719DEFEEC002335FF /* CopyFiles */ = {
			isa = PBXCopyFilesBuildPhase;
			buildActionMask = 2147483647;
			dstPath = /usr/share/man/man1/;
			dstSubfolderSpec = 0;
			files = (
			);
			runOnlyForDeploymentPostprocessing = 1;
		};
/* End PBXCopyFilesBuildPhase section */

/* Begin PBXFileReference section */
		49709AC919DEFEEC002335FF /* Learning Swift Command Line */ = {isa = PBXFileReference; explicitFileType = "compiled.mach-o.executable"; includeInIndex = 0; path = "Learning Swift Command Line"; sourceTree = BUILT_PRODUCTS_DIR; };
		49709ACC19DEFEEC002335FF /* main.swift */ = {isa = PBXFileReference; lastKnownFileType = sourcecode.swift; path = main.swift; sourceTree = "<group>"; };
		49C333FD1AD31C8B0037B768 /* Learning Swift Command Line-Bridging-Header.h */ = {isa = PBXFileReference; lastKnownFileType = sourcecode.c.h; path = "Learning Swift Command Line-Bridging-Header.h"; sourceTree = "<group>"; };
		49C333FE1AD31C8C0037B768 /* Test.m */ = {isa = PBXFileReference; fileEncoding = 4; lastKnownFileType = sourcecode.c.objc; path = Test.m; sourceTree = "<group>"; };
		49F3A17519FDB02500D6B083 /* Invitee.swift */ = {isa = PBXFileReference; fileEncoding = 4; lastKnownFileType = sourcecode.swift; path = Invitee.swift; sourceTree = "<group>"; };
		49F3A17A19FEF8E800D6B083 /* InviteList.swift */ = {isa = PBXFileReference; fileEncoding = 4; lastKnownFileType = sourcecode.swift; path = InviteList.swift; sourceTree = "<group>"; };
		49F3A17C19FEF96F00D6B083 /* ShowGenre.swift */ = {isa = PBXFileReference; fileEncoding = 4; lastKnownFileType = sourcecode.swift; path = ShowGenre.swift; sourceTree = "<group>"; };
/* End PBXFileReference section */

/* Begin PBXFrameworksBuildPhase section */
		49709AC619DEFEEC002335FF /* Frameworks */ = {
			isa = PBXFrameworksBuildPhase;
			buildActionMask = 2147483647;
			files = (
			);
			runOnlyForDeploymentPostprocessing = 0;
		};
/* End PBXFrameworksBuildPhase section */

/* Begin PBXGroup section */
		49709AC019DEFEEC002335FF = {
			isa = PBXGroup;
			children = (
				49709ACB19DEFEEC002335FF /* Learning Swift Command Line */,
				49709ACA19DEFEEC002335FF /* Products */,
			);
			sourceTree = "<group>";
		};
		49709ACA19DEFEEC002335FF /* Products */ = {
			isa = PBXGroup;
			children = (
				49709AC919DEFEEC002335FF /* Learning Swift Command Line */,
			);
			name = Products;
			sourceTree = "<group>";
		};
		49709ACB19DEFEEC002335FF /* Learning Swift Command Line */ = {
			isa = PBXGroup;
			children = (
				49709ACC19DEFEEC002335FF /* main.swift */,
				49F3A17519FDB02500D6B083 /* Invitee.swift */,
				49F3A17A19FEF8E800D6B083 /* InviteList.swift */,
				49F3A17C19FEF96F00D6B083 /* ShowGenre.swift */,
				49C333FE1AD31C8C0037B768 /* Test.m */,
				49C333FD1AD31C8B0037B768 /* Learning Swift Command Line-Bridging-Header.h */,
			);
			path = "Learning Swift Command Line";
			sourceTree = "<group>";
		};
/* End PBXGroup section */

/* Begin PBXNativeTarget section */
		49709AC819DEFEEC002335FF /* Learning Swift Command Line */ = {
			isa = PBXNativeTarget;
			buildConfigurationList = 49709AD019DEFEEC002335FF /* Build configuration list for PBXNativeTarget "Learning Swift Command Line" */;
			buildPhases = (
				49709AC519DEFEEC002335FF /* Sources */,
				49709AC619DEFEEC002335FF /* Frameworks */,
				49709AC719DEFEEC002335FF /* CopyFiles */,
			);
			buildRules = (
			);
			dependencies = (
			);
			name = "Learning Swift Command Line";
			productName = "Learning Swift Command Line";
			productReference = 49709AC919DEFEEC002335FF /* Learning Swift Command Line */;
			productType = "com.apple.product-type.tool";
		};
/* End PBXNativeTarget section */

/* Begin PBXProject section */
		49709AC119DEFEEC002335FF /* Project object */ = {
			isa = PBXProject;
			attributes = {
				LastSwiftMigration = 0700;
				LastSwiftUpdateCheck = 0700;
				LastUpgradeCheck = 0610;
				ORGANIZATIONNAME = "Drewag, LLC";
				TargetAttributes = {
					49709AC819DEFEEC002335FF = {
						CreatedOnToolsVersion = 6.1;
					};
				};
			};
			buildConfigurationList = 49709AC419DEFEEC002335FF /* Build configuration list for PBXProject "Learning Swift Command Line" */;
			compatibilityVersion = "Xcode 3.2";
			developmentRegion = English;
			hasScannedForEncodings = 0;
			knownRegions = (
				en,
			);
			mainGroup = 49709AC019DEFEEC002335FF;
			productRefGroup = 49709ACA19DEFEEC002335FF /* Products */;
			projectDirPath = "";
			projectRoot = "";
			targets = (
				49709AC819DEFEEC002335FF /* Learning Swift Command Line */,
			);
		};
/* End PBXProject section */

/* Begin PBXSourcesBuildPhase section */
		49709AC519DEFEEC002335FF /* Sources */ = {
			isa = PBXSourcesBuildPhase;
			buildActionMask = 2147483647;
			files = (
				49C333FF1AD31C8C0037B768 /* Test.m in Sources */,
				49F3A17D19FEF96F00D6B083 /* ShowGenre.swift in Sources */,
				49F3A17B19FEF8E800D6B083 /* InviteList.swift in Sources */,
				49F3A17619FDB02500D6B083 /* Invitee.swift in Sources */,
				49709ACD19DEFEEC002335FF /* main.swift in Sources */,
			);
			runOnlyForDeploymentPostprocessing = 0;
		};
/* End PBXSourcesBuildPhase section */

/* Begin XCBuildConfiguration section */
		49709ACE19DEFEEC002335FF /* Debug */ = {
			isa = XCBuildConfiguration;
			buildSettings = {
				ALWAYS_SEARCH_USER_PATHS = NO;
				CLANG_CXX_LANGUAGE_STANDARD = "gnu++0x";
				CLANG_CXX_LIBRARY = "libc++";
				CLANG_ENABLE_MODULES = YES;
				CLANG_ENABLE_OBJC_ARC = YES;
				CLANG_WARN_BOOL_CONVERSION = YES;
				CLANG_WARN_CONSTANT_CONVERSION = YES;
				CLANG_WARN_DIRECT_OBJC_ISA_USAGE = YES_ERROR;
				CLANG_WARN_EMPTY_BODY = YES;
				CLANG_WARN_ENUM_CONVERSION = YES;
				CLANG_WARN_INT_CONVERSION = YES;
				CLANG_WARN_OBJC_ROOT_CLASS = YES_ERROR;
				CLANG_WARN_UNREACHABLE_CODE = YES;
				CLANG_WARN__DUPLICATE_METHOD_MATCH = YES;
				COPY_PHASE_STRIP = NO;
				ENABLE_STRICT_OBJC_MSGSEND = YES;
				GCC_C_LANGUAGE_STANDARD = gnu99;
				GCC_DYNAMIC_NO_PIC = NO;
				GCC_OPTIMIZATION_LEVEL = 0;
				GCC_PREPROCESSOR_DEFINITIONS = (
					"DEBUG=1",
					"$(inherited)",
				);
				GCC_SYMBOLS_PRIVATE_EXTERN = NO;
				GCC_WARN_64_TO_32_BIT_CONVERSION = YES;
				GCC_WARN_ABOUT_RETURN_TYPE = YES_ERROR;
				GCC_WARN_UNDECLARED_SELECTOR = YES;
				GCC_WARN_UNINITIALIZED_AUTOS = YES_AGGRESSIVE;
				GCC_WARN_UNUSED_FUNCTION = YES;
				GCC_WARN_UNUSED_VARIABLE = YES;
				MACOSX_DEPLOYMENT_TARGET = 10.10;
				MTL_ENABLE_DEBUG_INFO = YES;
				ONLY_ACTIVE_ARCH = YES;
				SDKROOT = macosx;
				SWIFT_OPTIMIZATION_LEVEL = "-Onone";
			};
			name = Debug;
		};
		49709ACF19DEFEEC002335FF /* Release */ = {
			isa = XCBuildConfiguration;
			buildSettings = {
				ALWAYS_SEARCH_USER_PATHS = NO;
				CLANG_CXX_LANGUAGE_STANDARD = "gnu++0x";
				CLANG_CXX_LIBRARY = "libc++";
				CLANG_ENABLE_MODULES = YES;
				CLANG_ENABLE_OBJC_ARC = YES;
				CLANG_WARN_BOOL_CONVERSION = YES;
				CLANG_WARN_CONSTANT_CONVERSION = YES;
				CLANG_WARN_DIRECT_OBJC_ISA_USAGE = YES_ERROR;
				CLANG_WARN_EMPTY_BODY = YES;
				CLANG_WARN_ENUM_CONVERSION = YES;
				CLANG_WARN_INT_CONVERSION = YES;
				CLANG_WARN_OBJC_ROOT_CLASS = YES_ERROR;
				CLANG_WARN_UNREACHABLE_CODE = YES;
				CLANG_WARN__DUPLICATE_METHOD_MATCH = YES;
				COPY_PHASE_STRIP = YES;
				DEBUG_INFORMATION_FORMAT = "dwarf-with-dsym";
				ENABLE_NS_ASSERTIONS = NO;
				ENABLE_STRICT_OBJC_MSGSEND = YES;
				GCC_C_LANGUAGE_STANDARD = gnu99;
				GCC_WARN_64_TO_32_BIT_CONVERSION = YES;
				GCC_WARN_ABOUT_RETURN_TYPE = YES_ERROR;
				GCC_WARN_UNDECLARED_SELECTOR = YES;
				GCC_WARN_UNINITIALIZED_AUTOS = YES_AGGRESSIVE;
				GCC_WARN_UNUSED_FUNCTION = YES;
				GCC_WARN_UNUSED_VARIABLE = YES;
				MACOSX_DEPLOYMENT_TARGET = 10.10;
				MTL_ENABLE_DEBUG_INFO = NO;
				SDKROOT = macosx;
			};
			name = Release;
		};
		49709AD119DEFEEC002335FF /* Debug */ = {
			isa = XCBuildConfiguration;
			buildSettings = {
				CLANG_ENABLE_MODULES = YES;
				LD_RUNPATH_SEARCH_PATHS = "$(inherited) @executable_path/../Frameworks @loader_path/../Frameworks";
				PRODUCT_NAME = "$(TARGET_NAME)";
				SWIFT_OBJC_BRIDGING_HEADER = "Learning Swift Command Line/Learning Swift Command Line-Bridging-Header.h";
				SWIFT_OPTIMIZATION_LEVEL = "-Onone";
			};
			name = Debug;
		};
		49709AD219DEFEEC002335FF /* Release */ = {
			isa = XCBuildConfiguration;
			buildSettings = {
				CLANG_ENABLE_MODULES = YES;
				LD_RUNPATH_SEARCH_PATHS = "$(inherited) @executable_path/../Frameworks @loader_path/../Frameworks";
				PRODUCT_NAME = "$(TARGET_NAME)";
				SWIFT_OBJC_BRIDGING_HEADER = "Learning Swift Command Line/Learning Swift Command Line-Bridging-Header.h";
			};
			name = Release;
		};
/* End XCBuildConfiguration section */

/* Begin XCConfigurationList section */
		49709AC419DEFEEC002335FF /* Build configuration list for PBXProject "Learning Swift Command Line" */ = {
			isa = XCConfigurationList;
			buildConfigurations = (
				49709ACE19DEFEEC002335FF /* Debug */,
				49709ACF19DEFEEC002335FF /* Release */,
			);
			defaultConfigurationIsVisible = 0;
			defaultConfigurationName = Release;
		};
		49709AD019DEFEEC002335FF /* Build configuration list for PBXNativeTarget "Learning Swift Command Line" */ = {
			isa = XCConfigurationList;
			buildConfigurations = (
				49709AD119DEFEEC002335FF /* Debug */,
				49709AD219DEFEEC002335FF /* Release */,
			);
			defaultConfigurationIsVisible = 0;
			defaultConfigurationName = Release;
		};
/* End XCConfigurationList section */
	};
	rootObject = 49709AC119DEFEEC002335FF /* Project object */;
}
