// !$*UTF8*$!
{
	archiveVersion = 1;
	classes = {
	};
	objectVersion = 46;
	objects = {

/* Begin PBXBuildFile section */
		3424FE691A7D3FEF00765702 /* AppDelegate.swift in Sources */ = {isa = PBXBuildFile; fileRef = 3424FE681A7D3FEF00765702 /* AppDelegate.swift */; };
		3424FE6B1A7D3FEF00765702 /* ViewController.swift in Sources */ = {isa = PBXBuildFile; fileRef = 3424FE6A1A7D3FEF00765702 /* ViewController.swift */; };
		3424FE6E1A7D3FEF00765702 /* Main.storyboard in Resources */ = {isa = PBXBuildFile; fileRef = 3424FE6C1A7D3FEF00765702 /* Main.storyboard */; };
		3424FE701A7D3FEF00765702 /* Images.xcassets in Resources */ = {isa = PBXBuildFile; fileRef = 3424FE6F1A7D3FEF00765702 /* Images.xcassets */; };
		3424FE731A7D3FEF00765702 /* LaunchScreen.xib in Resources */ = {isa = PBXBuildFile; fileRef = 3424FE711A7D3FEF00765702 /* LaunchScreen.xib */; };
		3424FE7F1A7D3FF000765702 /* Chapter_10_Closure_Retain_CycleTests.swift in Sources */ = {isa = PBXBuildFile; fileRef = 3424FE7E1A7D3FF000765702 /* Chapter_10_Closure_Retain_CycleTests.swift */; };
		3424FE891A7D400000765702 /* TestClassOne.swift in Sources */ = {isa = PBXBuildFile; fileRef = 3424FE881A7D400000765702 /* TestClassOne.swift */; };
		3424FE8B1A7D710800765702 /* TestClassTwo.swift in Sources */ = {isa = PBXBuildFile; fileRef = 3424FE8A1A7D710800765702 /* TestClassTwo.swift */; };
/* End PBXBuildFile section */

/* Begin PBXContainerItemProxy section */
		3424FE791A7D3FEF00765702 /* PBXContainerItemProxy */ = {
			isa = PBXContainerItemProxy;
			containerPortal = 3424FE5B1A7D3FEF00765702 /* Project object */;
			proxyType = 1;
			remoteGlobalIDString = 3424FE621A7D3FEF00765702;
			remoteInfo = Chapter_10_Closure_Retain_Cycle;
		};
/* End PBXContainerItemProxy section */

/* Begin PBXFileReference section */
		3424FE631A7D3FEF00765702 /* Chapter_10_Closure_Retain_Cycle.app */ = {isa = PBXFileReference; explicitFileType = wrapper.application; includeInIndex = 0; path = Chapter_10_Closure_Retain_Cycle.app; sourceTree = BUILT_PRODUCTS_DIR; };
		3424FE671A7D3FEF00765702 /* Info.plist */ = {isa = PBXFileReference; lastKnownFileType = text.plist.xml; path = Info.plist; sourceTree = "<group>"; };
		3424FE681A7D3FEF00765702 /* AppDelegate.swift */ = {isa = PBXFileReference; lastKnownFileType = sourcecode.swift; path = AppDelegate.swift; sourceTree = "<group>"; };
		3424FE6A1A7D3FEF00765702 /* ViewController.swift */ = {isa = PBXFileReference; lastKnownFileType = sourcecode.swift; path = ViewController.swift; sourceTree = "<group>"; };
		3424FE6D1A7D3FEF00765702 /* Base */ = {isa = PBXFileReference; lastKnownFileType = file.storyboard; name = Base; path = Base.lproj/Main.storyboard; sourceTree = "<group>"; };
		3424FE6F1A7D3FEF00765702 /* Images.xcassets */ = {isa = PBXFileReference; lastKnownFileType = folder.assetcatalog; path = Images.xcassets; sourceTree = "<group>"; };
		3424FE721A7D3FEF00765702 /* Base */ = {isa = PBXFileReference; lastKnownFileType = file.xib; name = Base; path = Base.lproj/LaunchScreen.xib; sourceTree = "<group>"; };
		3424FE781A7D3FEF00765702 /* Chapter_10_Closure_Retain_CycleTests.xctest */ = {isa = PBXFileReference; explicitFileType = wrapper.cfbundle; includeInIndex = 0; path = Chapter_10_Closure_Retain_CycleTests.xctest; sourceTree = BUILT_PRODUCTS_DIR; };
		3424FE7D1A7D3FF000765702 /* Info.plist */ = {isa = PBXFileReference; lastKnownFileType = text.plist.xml; path = Info.plist; sourceTree = "<group>"; };
		3424FE7E1A7D3FF000765702 /* Chapter_10_Closure_Retain_CycleTests.swift */ = {isa = PBXFileReference; lastKnownFileType = sourcecode.swift; path = Chapter_10_Closure_Retain_CycleTests.swift; sourceTree = "<group>"; };
		3424FE881A7D400000765702 /* TestClassOne.swift */ = {isa = PBXFileReference; fileEncoding = 4; lastKnownFileType = sourcecode.swift; path = TestClassOne.swift; sourceTree = "<group>"; };
		3424FE8A1A7D710800765702 /* TestClassTwo.swift */ = {isa = PBXFileReference; fileEncoding = 4; lastKnownFileType = sourcecode.swift; path = TestClassTwo.swift; sourceTree = "<group>"; };
/* End PBXFileReference section */

/* Begin PBXFrameworksBuildPhase section */
		3424FE601A7D3FEF00765702 /* Frameworks */ = {
			isa = PBXFrameworksBuildPhase;
			buildActionMask = 2147483647;
			files = (
			);
			runOnlyForDeploymentPostprocessing = 0;
		};
		3424FE751A7D3FEF00765702 /* Frameworks */ = {
			isa = PBXFrameworksBuildPhase;
			buildActionMask = 2147483647;
			files = (
			);
			runOnlyForDeploymentPostprocessing = 0;
		};
/* End PBXFrameworksBuildPhase section */

/* Begin PBXGroup section */
		3424FE5A1A7D3FEF00765702 = {
			isa = PBXGroup;
			children = (
				3424FE651A7D3FEF00765702 /* Chapter_10_Closure_Retain_Cycle */,
				3424FE7B1A7D3FEF00765702 /* Chapter_10_Closure_Retain_CycleTests */,
				3424FE641A7D3FEF00765702 /* Products */,
			);
			sourceTree = "<group>";
		};
		3424FE641A7D3FEF00765702 /* Products */ = {
			isa = PBXGroup;
			children = (
				3424FE631A7D3FEF00765702 /* Chapter_10_Closure_Retain_Cycle.app */,
				3424FE781A7D3FEF00765702 /* Chapter_10_Closure_Retain_CycleTests.xctest */,
			);
			name = Products;
			sourceTree = "<group>";
		};
		3424FE651A7D3FEF00765702 /* Chapter_10_Closure_Retain_Cycle */ = {
			isa = PBXGroup;
			children = (
				3424FE681A7D3FEF00765702 /* AppDelegate.swift */,
				3424FE6A1A7D3FEF00765702 /* ViewController.swift */,
				3424FE6C1A7D3FEF00765702 /* Main.storyboard */,
				3424FE6F1A7D3FEF00765702 /* Images.xcassets */,
				3424FE711A7D3FEF00765702 /* LaunchScreen.xib */,
				3424FE661A7D3FEF00765702 /* Supporting Files */,
				3424FE881A7D400000765702 /* TestClassOne.swift */,
				3424FE8A1A7D710800765702 /* TestClassTwo.swift */,
			);
			path = Chapter_10_Closure_Retain_Cycle;
			sourceTree = "<group>";
		};
		3424FE661A7D3FEF00765702 /* Supporting Files */ = {
			isa = PBXGroup;
			children = (
				3424FE671A7D3FEF00765702 /* Info.plist */,
			);
			name = "Supporting Files";
			sourceTree = "<group>";
		};
		3424FE7B1A7D3FEF00765702 /* Chapter_10_Closure_Retain_CycleTests */ = {
			isa = PBXGroup;
			children = (
				3424FE7E1A7D3FF000765702 /* Chapter_10_Closure_Retain_CycleTests.swift */,
				3424FE7C1A7D3FF000765702 /* Supporting Files */,
			);
			path = Chapter_10_Closure_Retain_CycleTests;
			sourceTree = "<group>";
		};
		3424FE7C1A7D3FF000765702 /* Supporting Files */ = {
			isa = PBXGroup;
			children = (
				3424FE7D1A7D3FF000765702 /* Info.plist */,
			);
			name = "Supporting Files";
			sourceTree = "<group>";
		};
/* End PBXGroup section */

/* Begin PBXNativeTarget section */
		3424FE621A7D3FEF00765702 /* Chapter_10_Closure_Retain_Cycle */ = {
			isa = PBXNativeTarget;
			buildConfigurationList = 3424FE821A7D3FF000765702 /* Build configuration list for PBXNativeTarget "Chapter_10_Closure_Retain_Cycle" */;
			buildPhases = (
				3424FE5F1A7D3FEF00765702 /* Sources */,
				3424FE601A7D3FEF00765702 /* Frameworks */,
				3424FE611A7D3FEF00765702 /* Resources */,
			);
			buildRules = (
			);
			dependencies = (
			);
			name = Chapter_10_Closure_Retain_Cycle;
			productName = Chapter_10_Closure_Retain_Cycle;
			productReference = 3424FE631A7D3FEF00765702 /* Chapter_10_Closure_Retain_Cycle.app */;
			productType = "com.apple.product-type.application";
		};
		3424FE771A7D3FEF00765702 /* Chapter_10_Closure_Retain_CycleTests */ = {
			isa = PBXNativeTarget;
			buildConfigurationList = 3424FE851A7D3FF000765702 /* Build configuration list for PBXNativeTarget "Chapter_10_Closure_Retain_CycleTests" */;
			buildPhases = (
				3424FE741A7D3FEF00765702 /* Sources */,
				3424FE751A7D3FEF00765702 /* Frameworks */,
				3424FE761A7D3FEF00765702 /* Resources */,
			);
			buildRules = (
			);
			dependencies = (
				3424FE7A1A7D3FEF00765702 /* PBXTargetDependency */,
			);
			name = Chapter_10_Closure_Retain_CycleTests;
			productName = Chapter_10_Closure_Retain_CycleTests;
			productReference = 3424FE781A7D3FEF00765702 /* Chapter_10_Closure_Retain_CycleTests.xctest */;
			productType = "com.apple.product-type.bundle.unit-test";
		};
/* End PBXNativeTarget section */

/* Begin PBXProject section */
		3424FE5B1A7D3FEF00765702 /* Project object */ = {
			isa = PBXProject;
			attributes = {
				LastSwiftMigration = 0700;
				LastSwiftUpdateCheck = 0700;
				LastUpgradeCheck = 0700;
				ORGANIZATIONNAME = "Jon Hoffman";
				TargetAttributes = {
					3424FE621A7D3FEF00765702 = {
						CreatedOnToolsVersion = 6.1.1;
					};
					3424FE771A7D3FEF00765702 = {
						CreatedOnToolsVersion = 6.1.1;
						TestTargetID = 3424FE621A7D3FEF00765702;
					};
				};
			};
			buildConfigurationList = 3424FE5E1A7D3FEF00765702 /* Build configuration list for PBXProject "Chapter_10_Closure_Retain_Cycle" */;
			compatibilityVersion = "Xcode 3.2";
			developmentRegion = English;
			hasScannedForEncodings = 0;
			knownRegions = (
				en,
				Base,
			);
			mainGroup = 3424FE5A1A7D3FEF00765702;
			productRefGroup = 3424FE641A7D3FEF00765702 /* Products */;
			projectDirPath = "";
			projectRoot = "";
			targets = (
				3424FE621A7D3FEF00765702 /* Chapter_10_Closure_Retain_Cycle */,
				3424FE771A7D3FEF00765702 /* Chapter_10_Closure_Retain_CycleTests */,
			);
		};
/* End PBXProject section */

/* Begin PBXResourcesBuildPhase section */
		3424FE611A7D3FEF00765702 /* Resources */ = {
			isa = PBXResourcesBuildPhase;
			buildActionMask = 2147483647;
			files = (
				3424FE6E1A7D3FEF00765702 /* Main.storyboard in Resources */,
				3424FE731A7D3FEF00765702 /* LaunchScreen.xib in Resources */,
				3424FE701A7D3FEF00765702 /* Images.xcassets in Resources */,
			);
			runOnlyForDeploymentPostprocessing = 0;
		};
		3424FE761A7D3FEF00765702 /* Resources */ = {
			isa = PBXResourcesBuildPhase;
			buildActionMask = 2147483647;
			files = (
			);
			runOnlyForDeploymentPostprocessing = 0;
		};
/* End PBXResourcesBuildPhase section */

/* Begin PBXSourcesBuildPhase section */
		3424FE5F1A7D3FEF00765702 /* Sources */ = {
			isa = PBXSourcesBuildPhase;
			buildActionMask = 2147483647;
			files = (
				3424FE6B1A7D3FEF00765702 /* ViewController.swift in Sources */,
				3424FE8B1A7D710800765702 /* TestClassTwo.swift in Sources */,
				3424FE891A7D400000765702 /* TestClassOne.swift in Sources */,
				3424FE691A7D3FEF00765702 /* AppDelegate.swift in Sources */,
			);
			runOnlyForDeploymentPostprocessing = 0;
		};
		3424FE741A7D3FEF00765702 /* Sources */ = {
			isa = PBXSourcesBuildPhase;
			buildActionMask = 2147483647;
			files = (
				3424FE7F1A7D3FF000765702 /* Chapter_10_Closure_Retain_CycleTests.swift in Sources */,
			);
			runOnlyForDeploymentPostprocessing = 0;
		};
/* End PBXSourcesBuildPhase section */

/* Begin PBXTargetDependency section */
		3424FE7A1A7D3FEF00765702 /* PBXTargetDependency */ = {
			isa = PBXTargetDependency;
			target = 3424FE621A7D3FEF00765702 /* Chapter_10_Closure_Retain_Cycle */;
			targetProxy = 3424FE791A7D3FEF00765702 /* PBXContainerItemProxy */;
		};
/* End PBXTargetDependency section */

/* Begin PBXVariantGroup section */
		3424FE6C1A7D3FEF00765702 /* Main.storyboard */ = {
			isa = PBXVariantGroup;
			children = (
				3424FE6D1A7D3FEF00765702 /* Base */,
			);
			name = Main.storyboard;
			sourceTree = "<group>";
		};
		3424FE711A7D3FEF00765702 /* LaunchScreen.xib */ = {
			isa = PBXVariantGroup;
			children = (
				3424FE721A7D3FEF00765702 /* Base */,
			);
			name = LaunchScreen.xib;
			sourceTree = "<group>";
		};
/* End PBXVariantGroup section */

/* Begin XCBuildConfiguration section */
		3424FE801A7D3FF000765702 /* Debug */ = {
			isa = XCBuildConfiguration;
			buildSettings = {
				ALWAYS_SEARCH_USER_PATHS = NO;
				CLANG_CXX_LANGUAGE_STANDARD = "gnu++0x";
				CLANG_CXX_LIBRARY = "libc++";
				CLANG_ENABLE_MODULES = YES;
				CLANG_ENABLE_OBJC_ARC = YES;
				CLANG_WARN_BOOL_CONVERSION = YES;
				CLANG_WARN_CONSTANT_CONVERSION = YES;
				CLANG_WARN_DIRECT_OBJC_ISA_USAGE = YES_ERROR;
				CLANG_WARN_EMPTY_BODY = YES;
				CLANG_WARN_ENUM_CONVERSION = YES;
				CLANG_WARN_INT_CONVERSION = YES;
				CLANG_WARN_OBJC_ROOT_CLASS = YES_ERROR;
				CLANG_WARN_UNREACHABLE_CODE = YES;
				CLANG_WARN__DUPLICATE_METHOD_MATCH = YES;
				"CODE_SIGN_IDENTITY[sdk=iphoneos*]" = "iPhone Developer";
				COPY_PHASE_STRIP = NO;
				ENABLE_STRICT_OBJC_MSGSEND = YES;
				ENABLE_TESTABILITY = YES;
				GCC_C_LANGUAGE_STANDARD = gnu99;
				GCC_DYNAMIC_NO_PIC = NO;
				GCC_OPTIMIZATION_LEVEL = 0;
				GCC_PREPROCESSOR_DEFINITIONS = (
					"DEBUG=1",
					"$(inherited)",
				);
				GCC_SYMBOLS_PRIVATE_EXTERN = NO;
				GCC_WARN_64_TO_32_BIT_CONVERSION = YES;
				GCC_WARN_ABOUT_RETURN_TYPE = YES_ERROR;
				GCC_WARN_UNDECLARED_SELECTOR = YES;
				GCC_WARN_UNINITIALIZED_AUTOS = YES_AGGRESSIVE;
				GCC_WARN_UNUSED_FUNCTION = YES;
				GCC_WARN_UNUSED_VARIABLE = YES;
				IPHONEOS_DEPLOYMENT_TARGET = 8.1;
				MTL_ENABLE_DEBUG_INFO = YES;
				ONLY_ACTIVE_ARCH = YES;
				SDKROOT = iphoneos;
				SWIFT_OPTIMIZATION_LEVEL = "-Onone";
				TARGETED_DEVICE_FAMILY = "1,2";
			};
			name = Debug;
		};
		3424FE811A7D3FF000765702 /* Release */ = {
			isa = XCBuildConfiguration;
			buildSettings = {
				ALWAYS_SEARCH_USER_PATHS = NO;
				CLANG_CXX_LANGUAGE_STANDARD = "gnu++0x";
				CLANG_CXX_LIBRARY = "libc++";
				CLANG_ENABLE_MODULES = YES;
				CLANG_ENABLE_OBJC_ARC = YES;
				CLANG_WARN_BOOL_CONVERSION = YES;
				CLANG_WARN_CONSTANT_CONVERSION = YES;
				CLANG_WARN_DIRECT_OBJC_ISA_USAGE = YES_ERROR;
				CLANG_WARN_EMPTY_BODY = YES;
				CLANG_WARN_ENUM_CONVERSION = YES;
				CLANG_WARN_INT_CONVERSION = YES;
				CLANG_WARN_OBJC_ROOT_CLASS = YES_ERROR;
				CLANG_WARN_UNREACHABLE_CODE = YES;
				CLANG_WARN__DUPLICATE_METHOD_MATCH = YES;
				"CODE_SIGN_IDENTITY[sdk=iphoneos*]" = "iPhone Developer";
				COPY_PHASE_STRIP = YES;
				ENABLE_NS_ASSERTIONS = NO;
				ENABLE_STRICT_OBJC_MSGSEND = YES;
				GCC_C_LANGUAGE_STANDARD = gnu99;
				GCC_WARN_64_TO_32_BIT_CONVERSION = YES;
				GCC_WARN_ABOUT_RETURN_TYPE = YES_ERROR;
				GCC_WARN_UNDECLARED_SELECTOR = YES;
				GCC_WARN_UNINITIALIZED_AUTOS = YES_AGGRESSIVE;
				GCC_WARN_UNUSED_FUNCTION = YES;
				GCC_WARN_UNUSED_VARIABLE = YES;
				IPHONEOS_DEPLOYMENT_TARGET = 8.1;
				MTL_ENABLE_DEBUG_INFO = NO;
				SDKROOT = iphoneos;
				TARGETED_DEVICE_FAMILY = "1,2";
				VALIDATE_PRODUCT = YES;
			};
			name = Release;
		};
		3424FE831A7D3FF000765702 /* Debug */ = {
			isa = XCBuildConfiguration;
			buildSettings = {
				ASSETCATALOG_COMPILER_APPICON_NAME = AppIcon;
				INFOPLIST_FILE = Chapter_10_Closure_Retain_Cycle/Info.plist;
				LD_RUNPATH_SEARCH_PATHS = "$(inherited) @executable_path/Frameworks";
				PRODUCT_BUNDLE_IDENTIFIER = "hoffman.jon.$(PRODUCT_NAME:rfc1034identifier)";
				PRODUCT_NAME = "$(TARGET_NAME)";
			};
			name = Debug;
		};
		3424FE841A7D3FF000765702 /* Release */ = {
			isa = XCBuildConfiguration;
			buildSettings = {
				ASSETCATALOG_COMPILER_APPICON_NAME = AppIcon;
				INFOPLIST_FILE = Chapter_10_Closure_Retain_Cycle/Info.plist;
				LD_RUNPATH_SEARCH_PATHS = "$(inherited) @executable_path/Frameworks";
				PRODUCT_BUNDLE_IDENTIFIER = "hoffman.jon.$(PRODUCT_NAME:rfc1034identifier)";
				PRODUCT_NAME = "$(TARGET_NAME)";
			};
			name = Release;
		};
		3424FE861A7D3FF000765702 /* Debug */ = {
			isa = XCBuildConfiguration;
			buildSettings = {
				BUNDLE_LOADER = "$(TEST_HOST)";
				FRAMEWORK_SEARCH_PATHS = (
					"$(SDKROOT)/Developer/Library/Frameworks",
					"$(inherited)",
				);
				GCC_PREPROCESSOR_DEFINITIONS = (
					"DEBUG=1",
					"$(inherited)",
				);
				INFOPLIST_FILE = Chapter_10_Closure_Retain_CycleTests/Info.plist;
				LD_RUNPATH_SEARCH_PATHS = "$(inherited) @executable_path/Frameworks @loader_path/Frameworks";
				PRODUCT_BUNDLE_IDENTIFIER = "hoffman.jon.$(PRODUCT_NAME:rfc1034identifier)";
				PRODUCT_NAME = "$(TARGET_NAME)";
				TEST_HOST = "$(BUILT_PRODUCTS_DIR)/Chapter_10_Closure_Retain_Cycle.app/Chapter_10_Closure_Retain_Cycle";
			};
			name = Debug;
		};
		3424FE871A7D3FF000765702 /* Release */ = {
			isa = XCBuildConfiguration;
			buildSettings = {
				BUNDLE_LOADER = "$(TEST_HOST)";
				FRAMEWORK_SEARCH_PATHS = (
					"$(SDKROOT)/Developer/Library/Frameworks",
					"$(inherited)",
				);
				INFOPLIST_FILE = Chapter_10_Closure_Retain_CycleTests/Info.plist;
				LD_RUNPATH_SEARCH_PATHS = "$(inherited) @executable_path/Frameworks @loader_path/Frameworks";
				PRODUCT_BUNDLE_IDENTIFIER = "hoffman.jon.$(PRODUCT_NAME:rfc1034identifier)";
				PRODUCT_NAME = "$(TARGET_NAME)";
				TEST_HOST = "$(BUILT_PRODUCTS_DIR)/Chapter_10_Closure_Retain_Cycle.app/Chapter_10_Closure_Retain_Cycle";
			};
			name = Release;
		};
/* End XCBuildConfiguration section */

/* Begin XCConfigurationList section */
		3424FE5E1A7D3FEF00765702 /* Build configuration list for PBXProject "Chapter_10_Closure_Retain_Cycle" */ = {
			isa = XCConfigurationList;
			buildConfigurations = (
				3424FE801A7D3FF000765702 /* Debug */,
				3424FE811A7D3FF000765702 /* Release */,
			);
			defaultConfigurationIsVisible = 0;
			defaultConfigurationName = Release;
		};
		3424FE821A7D3FF000765702 /* Build configuration list for PBXNativeTarget "Chapter_10_Closure_Retain_Cycle" */ = {
			isa = XCConfigurationList;
			buildConfigurations = (
				3424FE831A7D3FF000765702 /* Debug */,
				3424FE841A7D3FF000765702 /* Release */,
			);
			defaultConfigurationIsVisible = 0;
			defaultConfigurationName = Release;
		};
		3424FE851A7D3FF000765702 /* Build configuration list for PBXNativeTarget "Chapter_10_Closure_Retain_CycleTests" */ = {
			isa = XCConfigurationList;
			buildConfigurations = (
				3424FE861A7D3FF000765702 /* Debug */,
				3424FE871A7D3FF000765702 /* Release */,
			);
			defaultConfigurationIsVisible = 0;
			defaultConfigurationName = Release;
		};
/* End XCConfigurationList section */
	};
	rootObject = 3424FE5B1A7D3FEF00765702 /* Project object */;
}
